<?xml version="1.0" encoding="utf-8"?>
<Project ToolsVersion="4.0" xmlns="http://schemas.microsoft.com/developer/msbuild/2003">
  <ItemGroup>
    <Filter Include="Source Files">
      <UniqueIdentifier>{4FC737F1-C7A5-4376-A066-2A32D752A2FF}</UniqueIdentifier>
      <Extensions>cpp;c;cc;cxx;c++;cppm;ixx;def;odl;idl;hpj;bat;asm;asmx</Extensions>
    </Filter>
    <Filter Include="Header Files">
      <UniqueIdentifier>{93995380-89BD-4b04-88EB-625FBE52EBFB}</UniqueIdentifier>
      <Extensions>h;hh;hpp;hxx;h++;hm;inl;inc;ipp;xsd</Extensions>
    </Filter>
    <Filter Include="Resource Files">
      <UniqueIdentifier>{67DA6AB6-F800-4c08-8B7A-83BB121AAD01}</UniqueIdentifier>
      <Extensions>rc;ico;cur;bmp;dlg;rc2;rct;bin;rgs;gif;jpg;jpeg;jpe;resx;tiff;tif;png;wav;mfcribbon-ms</Extensions>
    </Filter>
    <Filter Include="Header Files\SceneRelatedHeaders">
      <UniqueIdentifier>{95a7e149-0377-4575-b237-24c96a7cbdee}</UniqueIdentifier>
    </Filter>
    <Filter Include="Source Files\SceneRelatedSource">
      <UniqueIdentifier>{a402b566-a526-4af9-8dfb-36c2b998a7df}</UniqueIdentifier>
    </Filter>
    <Filter Include="Source Files\Systems">
      <UniqueIdentifier>{177127b0-a884-44b5-aee5-70c623c381d2}</UniqueIdentifier>
    </Filter>
    <Filter Include="Header Files\Systems">
      <UniqueIdentifier>{f30a8f96-36e9-4abc-bfb7-aab05c59ca2a}</UniqueIdentifier>
    </Filter>
    <Filter Include="Header Files\SceneRelatedHeaders\Tiles">
      <UniqueIdentifier>{d94214c5-592b-4805-910b-6da75d92fe76}</UniqueIdentifier>
    </Filter>
    <Filter Include="Source Files\SceneRelatedSource\Tiles">
      <UniqueIdentifier>{8563c820-45b6-4649-b3d2-d2843da89056}</UniqueIdentifier>
    </Filter>
    <Filter Include="Source Files\UnitRelatedSource">
      <UniqueIdentifier>{66a0298b-ed72-481e-a95f-9c15b672add9}</UniqueIdentifier>
    </Filter>
    <Filter Include="Header Files\UnitRelatedHeaders">
      <UniqueIdentifier>{d9b9d408-7457-4d6b-84a0-7da858021903}</UniqueIdentifier>
    </Filter>
    <Filter Include="Header Files\Enums">
      <UniqueIdentifier>{371308fb-dff4-4169-b05e-02d22d707e94}</UniqueIdentifier>
    </Filter>
  </ItemGroup>
  <ItemGroup>
    <ClCompile Include="main.cpp">
      <Filter>Source Files</Filter>
    </ClCompile>
    <ClCompile Include="CScene.cpp">
      <Filter>Source Files\SceneRelatedSource</Filter>
    </ClCompile>
    <ClCompile Include="CSceneEnums.cpp">
      <Filter>Source Files\SceneRelatedSource</Filter>
    </ClCompile>
    <ClCompile Include="CUIManager.cpp">
      <Filter>Source Files\Systems</Filter>
    </ClCompile>
    <ClCompile Include="CGameManager.cpp">
      <Filter>Source Files\Systems</Filter>
    </ClCompile>
    <ClCompile Include="CTile.cpp">
      <Filter>Source Files\SceneRelatedSource\Tiles</Filter>
    </ClCompile>
    <ClCompile Include="CUnit.cpp">
      <Filter>Source Files\UnitRelatedSource</Filter>
    </ClCompile>
    <ClCompile Include="CUnitManager.cpp">
      <Filter>Source Files\Systems</Filter>
    </ClCompile>
    <ClCompile Include="CSceneManager.cpp">
      <Filter>Source Files\Systems</Filter>
    </ClCompile>
    <ClCompile Include="CParseConfigCommon.cpp">
      <Filter>Source Files\Systems</Filter>
    </ClCompile>
  </ItemGroup>
  <ItemGroup>
    <ClInclude Include="CScene.h">
      <Filter>Header Files\SceneRelatedHeaders</Filter>
    </ClInclude>
    <ClInclude Include="CUIManager.h">
      <Filter>Header Files\Systems</Filter>
    </ClInclude>
    <ClInclude Include="CGameManager.h">
      <Filter>Header Files\Systems</Filter>
    </ClInclude>
    <ClInclude Include="CTile.h">
      <Filter>Header Files\SceneRelatedHeaders\Tiles</Filter>
    </ClInclude>
    <ClInclude Include="CUnit.h">
      <Filter>Header Files\UnitRelatedHeaders</Filter>
    </ClInclude>
    <ClInclude Include="CSceneManager.h">
      <Filter>Header Files\Systems</Filter>
    </ClInclude>
    <ClInclude Include="CUnitManager.h">
      <Filter>Header Files\Systems</Filter>
    </ClInclude>
    <ClInclude Include="CParseConfigCommon.h">
      <Filter>Header Files\Systems</Filter>
    </ClInclude>
    <ClInclude Include="CUnitEnums.h">
      <Filter>Header Files\Enums</Filter>
    </ClInclude>
    <ClInclude Include="UIEnums.h">
      <Filter>Header Files\Enums</Filter>
    </ClInclude>
    <ClInclude Include="CSceneEnums.h">
      <Filter>Header Files\Enums</Filter>
    </ClInclude>
  </ItemGroup>
</Project>